// !$*UTF8*$!
{
	archiveVersion = 1;
	classes = {
	};
	objectVersion = 46;
	objects = {

/* Begin PBXBuildFile section */
		23CD44AB1B9B83EC00670248 /* EntryCollectionView.swift in Sources */ = {isa = PBXBuildFile; fileRef = 23CD44AA1B9B83EC00670248 /* EntryCollectionView.swift */; };
		23CD44AD1B9B8BED00670248 /* DateExtensions.swift in Sources */ = {isa = PBXBuildFile; fileRef = 23CD44AC1B9B8BED00670248 /* DateExtensions.swift */; };
		23D2CEB71B9A90FE00869611 /* AppDelegate.swift in Sources */ = {isa = PBXBuildFile; fileRef = 23D2CEB61B9A90FE00869611 /* AppDelegate.swift */; };
		23D2CEBA1B9A90FE00869611 /* weeks.xcdatamodeld in Sources */ = {isa = PBXBuildFile; fileRef = 23D2CEB81B9A90FE00869611 /* weeks.xcdatamodeld */; };
		23D2CEBC1B9A90FE00869611 /* ServiceLoginViewController.swift in Sources */ = {isa = PBXBuildFile; fileRef = 23D2CEBB1B9A90FE00869611 /* ServiceLoginViewController.swift */; };
		23D2CEBF1B9A90FE00869611 /* Main.storyboard in Resources */ = {isa = PBXBuildFile; fileRef = 23D2CEBD1B9A90FE00869611 /* Main.storyboard */; };
		23D2CEC11B9A90FE00869611 /* Images.xcassets in Resources */ = {isa = PBXBuildFile; fileRef = 23D2CEC01B9A90FE00869611 /* Images.xcassets */; };
		23D2CEC41B9A90FE00869611 /* LaunchScreen.xib in Resources */ = {isa = PBXBuildFile; fileRef = 23D2CEC21B9A90FE00869611 /* LaunchScreen.xib */; };
		23D2CEE31B9AEA7300869611 /* EntryLog.swift in Sources */ = {isa = PBXBuildFile; fileRef = 23D2CEE21B9AEA7300869611 /* EntryLog.swift */; };
		23D2CEE91B9AEEFC00869611 /* Entry.swift in Sources */ = {isa = PBXBuildFile; fileRef = 23D2CEE81B9AEEFC00869611 /* Entry.swift */; };
		23D2CEEB1B9B1A6600869611 /* EntryEditView.swift in Sources */ = {isa = PBXBuildFile; fileRef = 23D2CEEA1B9B1A6600869611 /* EntryEditView.swift */; };
		8B037A8470352322A0CB64DD /* libPods.a in Frameworks */ = {isa = PBXBuildFile; fileRef = 7C2FA795190BB2F3C898C844 /* libPods.a */; };
/* End PBXBuildFile section */

/* Begin PBXFileReference section */
		23CD44AA1B9B83EC00670248 /* EntryCollectionView.swift */ = {isa = PBXFileReference; fileEncoding = 4; lastKnownFileType = sourcecode.swift; path = EntryCollectionView.swift; sourceTree = "<group>"; };
		23CD44AC1B9B8BED00670248 /* DateExtensions.swift */ = {isa = PBXFileReference; fileEncoding = 4; lastKnownFileType = sourcecode.swift; path = DateExtensions.swift; sourceTree = "<group>"; };
		23D2CEB11B9A90FE00869611 /* 4000 Weeks.app */ = {isa = PBXFileReference; explicitFileType = wrapper.application; includeInIndex = 0; path = "4000 Weeks.app"; sourceTree = BUILT_PRODUCTS_DIR; };
		23D2CEB51B9A90FE00869611 /* Info.plist */ = {isa = PBXFileReference; lastKnownFileType = text.plist.xml; path = Info.plist; sourceTree = "<group>"; };
		23D2CEB61B9A90FE00869611 /* AppDelegate.swift */ = {isa = PBXFileReference; lastKnownFileType = sourcecode.swift; path = AppDelegate.swift; sourceTree = "<group>"; };
		23D2CEB91B9A90FE00869611 /* weeks.xcdatamodel */ = {isa = PBXFileReference; lastKnownFileType = wrapper.xcdatamodel; path = weeks.xcdatamodel; sourceTree = "<group>"; };
		23D2CEBB1B9A90FE00869611 /* ServiceLoginViewController.swift */ = {isa = PBXFileReference; lastKnownFileType = sourcecode.swift; path = ServiceLoginViewController.swift; sourceTree = "<group>"; };
		23D2CEBE1B9A90FE00869611 /* Base */ = {isa = PBXFileReference; lastKnownFileType = file.storyboard; name = Base; path = Base.lproj/Main.storyboard; sourceTree = "<group>"; };
		23D2CEC01B9A90FE00869611 /* Images.xcassets */ = {isa = PBXFileReference; lastKnownFileType = folder.assetcatalog; path = Images.xcassets; sourceTree = "<group>"; };
		23D2CEC31B9A90FE00869611 /* Base */ = {isa = PBXFileReference; lastKnownFileType = file.xib; name = Base; path = Base.lproj/LaunchScreen.xib; sourceTree = "<group>"; };
		23D2CEDE1B9AAA8400869611 /* 4000 Weeks-Bridging-Header.h */ = {isa = PBXFileReference; lastKnownFileType = sourcecode.c.h; path = "4000 Weeks-Bridging-Header.h"; sourceTree = "<group>"; };
		23D2CEE21B9AEA7300869611 /* EntryLog.swift */ = {isa = PBXFileReference; fileEncoding = 4; lastKnownFileType = sourcecode.swift; path = EntryLog.swift; sourceTree = "<group>"; };
		23D2CEE81B9AEEFC00869611 /* Entry.swift */ = {isa = PBXFileReference; fileEncoding = 4; lastKnownFileType = sourcecode.swift; path = Entry.swift; sourceTree = "<group>"; };
		23D2CEEA1B9B1A6600869611 /* EntryEditView.swift */ = {isa = PBXFileReference; fileEncoding = 4; lastKnownFileType = sourcecode.swift; path = EntryEditView.swift; sourceTree = "<group>"; };
		7C2FA795190BB2F3C898C844 /* libPods.a */ = {isa = PBXFileReference; explicitFileType = archive.ar; includeInIndex = 0; path = libPods.a; sourceTree = BUILT_PRODUCTS_DIR; };
		96E5F22702F77A825821CC2C /* Pods.debug.xcconfig */ = {isa = PBXFileReference; includeInIndex = 1; lastKnownFileType = text.xcconfig; name = Pods.debug.xcconfig; path = "Pods/Target Support Files/Pods/Pods.debug.xcconfig"; sourceTree = "<group>"; };
		CC845ED95EEF660E8199994B /* Pods.release.xcconfig */ = {isa = PBXFileReference; includeInIndex = 1; lastKnownFileType = text.xcconfig; name = Pods.release.xcconfig; path = "Pods/Target Support Files/Pods/Pods.release.xcconfig"; sourceTree = "<group>"; };
/* End PBXFileReference section */

/* Begin PBXFrameworksBuildPhase section */
		23D2CEAE1B9A90FE00869611 /* Frameworks */ = {
			isa = PBXFrameworksBuildPhase;
			buildActionMask = 2147483647;
			files = (
				8B037A8470352322A0CB64DD /* libPods.a in Frameworks */,
			);
			runOnlyForDeploymentPostprocessing = 0;
		};
/* End PBXFrameworksBuildPhase section */

/* Begin PBXGroup section */
		23D2CEA81B9A90FE00869611 = {
			isa = PBXGroup;
			children = (
				23D2CEB31B9A90FE00869611 /* weeks */,
				23D2CEB21B9A90FE00869611 /* Products */,
				B4CEA9077DBC0C43A1406A19 /* Pods */,
				A8DBD837C283292404C7F430 /* Frameworks */,
			);
			sourceTree = "<group>";
		};
		23D2CEB21B9A90FE00869611 /* Products */ = {
			isa = PBXGroup;
			children = (
				23D2CEB11B9A90FE00869611 /* 4000 Weeks.app */,
			);
			name = Products;
			sourceTree = "<group>";
		};
		23D2CEB31B9A90FE00869611 /* weeks */ = {
			isa = PBXGroup;
			children = (
				23CD44AA1B9B83EC00670248 /* EntryCollectionView.swift */,
				23CD44AC1B9B8BED00670248 /* DateExtensions.swift */,
				23D2CEB61B9A90FE00869611 /* AppDelegate.swift */,
				23D2CEBB1B9A90FE00869611 /* ServiceLoginViewController.swift */,
				23D2CEEA1B9B1A6600869611 /* EntryEditView.swift */,
				23D2CEBD1B9A90FE00869611 /* Main.storyboard */,
				23D2CEC01B9A90FE00869611 /* Images.xcassets */,
				23D2CEC21B9A90FE00869611 /* LaunchScreen.xib */,
				23D2CEB81B9A90FE00869611 /* weeks.xcdatamodeld */,
				23D2CEE81B9AEEFC00869611 /* Entry.swift */,
				23D2CEE21B9AEA7300869611 /* EntryLog.swift */,
				23D2CEB41B9A90FE00869611 /* Supporting Files */,
				23D2CEDE1B9AAA8400869611 /* 4000 Weeks-Bridging-Header.h */,
			);
			path = weeks;
			sourceTree = "<group>";
		};
		23D2CEB41B9A90FE00869611 /* Supporting Files */ = {
			isa = PBXGroup;
			children = (
				23D2CEB51B9A90FE00869611 /* Info.plist */,
			);
			name = "Supporting Files";
			sourceTree = "<group>";
		};
		A8DBD837C283292404C7F430 /* Frameworks */ = {
			isa = PBXGroup;
			children = (
				7C2FA795190BB2F3C898C844 /* libPods.a */,
			);
			name = Frameworks;
			sourceTree = "<group>";
		};
		B4CEA9077DBC0C43A1406A19 /* Pods */ = {
			isa = PBXGroup;
			children = (
				96E5F22702F77A825821CC2C /* Pods.debug.xcconfig */,
				CC845ED95EEF660E8199994B /* Pods.release.xcconfig */,
			);
			name = Pods;
			sourceTree = "<group>";
		};
/* End PBXGroup section */

/* Begin PBXNativeTarget section */
		23D2CEB01B9A90FE00869611 /* 4000 Weeks */ = {
			isa = PBXNativeTarget;
			buildConfigurationList = 23D2CED31B9A90FE00869611 /* Build configuration list for PBXNativeTarget "4000 Weeks" */;
			buildPhases = (
				FE4755F6A7183FE3A5B82A81 /* Check Pods Manifest.lock */,
				23D2CEAD1B9A90FE00869611 /* Sources */,
				23D2CEAE1B9A90FE00869611 /* Frameworks */,
				23D2CEAF1B9A90FE00869611 /* Resources */,
				5232E76A5F9F9A62BD3E5D67 /* Copy Pods Resources */,
			);
			buildRules = (
			);
			dependencies = (
			);
			name = "4000 Weeks";
			productName = weeks;
			productReference = 23D2CEB11B9A90FE00869611 /* 4000 Weeks.app */;
			productType = "com.apple.product-type.application";
		};
/* End PBXNativeTarget section */

/* Begin PBXProject section */
		23D2CEA91B9A90FE00869611 /* Project object */ = {
			isa = PBXProject;
			attributes = {
				LastUpgradeCheck = 0640;
				ORGANIZATIONNAME = "Will Field-Thompson";
				TargetAttributes = {
					23D2CEB01B9A90FE00869611 = {
						CreatedOnToolsVersion = 6.4;
						DevelopmentTeam = 83Q3DXP577;
					};
				};
			};
			buildConfigurationList = 23D2CEAC1B9A90FE00869611 /* Build configuration list for PBXProject "weeks" */;
			compatibilityVersion = "Xcode 3.2";
			developmentRegion = English;
			hasScannedForEncodings = 0;
			knownRegions = (
				en,
				Base,
			);
			mainGroup = 23D2CEA81B9A90FE00869611;
			productRefGroup = 23D2CEB21B9A90FE00869611 /* Products */;
			projectDirPath = "";
			projectRoot = "";
			targets = (
				23D2CEB01B9A90FE00869611 /* 4000 Weeks */,
			);
		};
/* End PBXProject section */

/* Begin PBXResourcesBuildPhase section */
		23D2CEAF1B9A90FE00869611 /* Resources */ = {
			isa = PBXResourcesBuildPhase;
			buildActionMask = 2147483647;
			files = (
				23D2CEBF1B9A90FE00869611 /* Main.storyboard in Resources */,
				23D2CEC41B9A90FE00869611 /* LaunchScreen.xib in Resources */,
				23D2CEC11B9A90FE00869611 /* Images.xcassets in Resources */,
			);
			runOnlyForDeploymentPostprocessing = 0;
		};
/* End PBXResourcesBuildPhase section */

/* Begin PBXShellScriptBuildPhase section */
		5232E76A5F9F9A62BD3E5D67 /* Copy Pods Resources */ = {
			isa = PBXShellScriptBuildPhase;
			buildActionMask = 2147483647;
			files = (
			);
			inputPaths = (
			);
			name = "Copy Pods Resources";
			outputPaths = (
			);
			runOnlyForDeploymentPostprocessing = 0;
			shellPath = /bin/sh;
			shellScript = "\"${SRCROOT}/Pods/Target Support Files/Pods/Pods-resources.sh\"\n";
			showEnvVarsInLog = 0;
		};
		FE4755F6A7183FE3A5B82A81 /* Check Pods Manifest.lock */ = {
			isa = PBXShellScriptBuildPhase;
			buildActionMask = 2147483647;
			files = (
			);
			inputPaths = (
			);
			name = "Check Pods Manifest.lock";
			outputPaths = (
			);
			runOnlyForDeploymentPostprocessing = 0;
			shellPath = /bin/sh;
			shellScript = "diff \"${PODS_ROOT}/../Podfile.lock\" \"${PODS_ROOT}/Manifest.lock\" > /dev/null\nif [[ $? != 0 ]] ; then\n    cat << EOM\nerror: The sandbox is not in sync with the Podfile.lock. Run 'pod install' or update your CocoaPods installation.\nEOM\n    exit 1\nfi\n";
			showEnvVarsInLog = 0;
		};
/* End PBXShellScriptBuildPhase section */

/* Begin PBXSourcesBuildPhase section */
		23D2CEAD1B9A90FE00869611 /* Sources */ = {
			isa = PBXSourcesBuildPhase;
			buildActionMask = 2147483647;
			files = (
				23D2CEE91B9AEEFC00869611 /* Entry.swift in Sources */,
				23D2CEBC1B9A90FE00869611 /* ServiceLoginViewController.swift in Sources */,
				23CD44AB1B9B83EC00670248 /* EntryCollectionView.swift in Sources */,
				23D2CEE31B9AEA7300869611 /* EntryLog.swift in Sources */,
				23D2CEB71B9A90FE00869611 /* AppDelegate.swift in Sources */,
				23CD44AD1B9B8BED00670248 /* DateExtensions.swift in Sources */,
				23D2CEBA1B9A90FE00869611 /* weeks.xcdatamodeld in Sources */,
				23D2CEEB1B9B1A6600869611 /* EntryEditView.swift in Sources */,
			);
			runOnlyForDeploymentPostprocessing = 0;
		};
/* End PBXSourcesBuildPhase section */

/* Begin PBXVariantGroup section */
		23D2CEBD1B9A90FE00869611 /* Main.storyboard */ = {
			isa = PBXVariantGroup;
			children = (
				23D2CEBE1B9A90FE00869611 /* Base */,
			);
			name = Main.storyboard;
			sourceTree = "<group>";
		};
		23D2CEC21B9A90FE00869611 /* LaunchScreen.xib */ = {
			isa = PBXVariantGroup;
			children = (
				23D2CEC31B9A90FE00869611 /* Base */,
			);
			name = LaunchScreen.xib;
			sourceTree = "<group>";
		};
/* End PBXVariantGroup section */

/* Begin XCBuildConfiguration section */
		23D2CED11B9A90FE00869611 /* Debug */ = {
			isa = XCBuildConfiguration;
			buildSettings = {
				ALWAYS_SEARCH_USER_PATHS = NO;
				CLANG_CXX_LANGUAGE_STANDARD = "gnu++0x";
				CLANG_CXX_LIBRARY = "libc++";
				CLANG_ENABLE_MODULES = YES;
				CLANG_ENABLE_OBJC_ARC = YES;
				CLANG_WARN_BOOL_CONVERSION = YES;
				CLANG_WARN_CONSTANT_CONVERSION = YES;
				CLANG_WARN_DIRECT_OBJC_ISA_USAGE = YES_ERROR;
				CLANG_WARN_EMPTY_BODY = YES;
				CLANG_WARN_ENUM_CONVERSION = YES;
				CLANG_WARN_INT_CONVERSION = YES;
				CLANG_WARN_OBJC_ROOT_CLASS = YES_ERROR;
				CLANG_WARN_UNREACHABLE_CODE = YES;
				CLANG_WARN__DUPLICATE_METHOD_MATCH = YES;
				"CODE_SIGN_IDENTITY[sdk=iphoneos*]" = "iPhone Developer";
				COPY_PHASE_STRIP = NO;
				DEBUG_INFORMATION_FORMAT = "dwarf-with-dsym";
				ENABLE_STRICT_OBJC_MSGSEND = YES;
				GCC_C_LANGUAGE_STANDARD = gnu99;
				GCC_DYNAMIC_NO_PIC = NO;
				GCC_NO_COMMON_BLOCKS = YES;
				GCC_OPTIMIZATION_LEVEL = 0;
				GCC_PREPROCESSOR_DEFINITIONS = (
					"DEBUG=1",
					"$(inherited)",
				);
				GCC_SYMBOLS_PRIVATE_EXTERN = NO;
				GCC_WARN_64_TO_32_BIT_CONVERSION = YES;
				GCC_WARN_ABOUT_RETURN_TYPE = YES_ERROR;
				GCC_WARN_UNDECLARED_SELECTOR = YES;
				GCC_WARN_UNINITIALIZED_AUTOS = YES_AGGRESSIVE;
				GCC_WARN_UNUSED_FUNCTION = YES;
				GCC_WARN_UNUSED_VARIABLE = YES;
				IPHONEOS_DEPLOYMENT_TARGET = 8.4;
				MTL_ENABLE_DEBUG_INFO = YES;
				ONLY_ACTIVE_ARCH = YES;
				SDKROOT = iphoneos;
				SWIFT_OPTIMIZATION_LEVEL = "-Onone";
			};
			name = Debug;
		};
		23D2CED21B9A90FE00869611 /* Release */ = {
			isa = XCBuildConfiguration;
			buildSettings = {
				ALWAYS_SEARCH_USER_PATHS = NO;
				CLANG_CXX_LANGUAGE_STANDARD = "gnu++0x";
				CLANG_CXX_LIBRARY = "libc++";
				CLANG_ENABLE_MODULES = YES;
				CLANG_ENABLE_OBJC_ARC = YES;
				CLANG_WARN_BOOL_CONVERSION = YES;
				CLANG_WARN_CONSTANT_CONVERSION = YES;
				CLANG_WARN_DIRECT_OBJC_ISA_USAGE = YES_ERROR;
				CLANG_WARN_EMPTY_BODY = YES;
				CLANG_WARN_ENUM_CONVERSION = YES;
				CLANG_WARN_INT_CONVERSION = YES;
				CLANG_WARN_OBJC_ROOT_CLASS = YES_ERROR;
				CLANG_WARN_UNREACHABLE_CODE = YES;
				CLANG_WARN__DUPLICATE_METHOD_MATCH = YES;
				"CODE_SIGN_IDENTITY[sdk=iphoneos*]" = "iPhone Developer";
				COPY_PHASE_STRIP = NO;
				DEBUG_INFORMATION_FORMAT = "dwarf-with-dsym";
				ENABLE_NS_ASSERTIONS = NO;
				ENABLE_STRICT_OBJC_MSGSEND = YES;
				GCC_C_LANGUAGE_STANDARD = gnu99;
				GCC_NO_COMMON_BLOCKS = YES;
				GCC_WARN_64_TO_32_BIT_CONVERSION = YES;
				GCC_WARN_ABOUT_RETURN_TYPE = YES_ERROR;
				GCC_WARN_UNDECLARED_SELECTOR = YES;
				GCC_WARN_UNINITIALIZED_AUTOS = YES_AGGRESSIVE;
				GCC_WARN_UNUSED_FUNCTION = YES;
				GCC_WARN_UNUSED_VARIABLE = YES;
				IPHONEOS_DEPLOYMENT_TARGET = 8.4;
				MTL_ENABLE_DEBUG_INFO = NO;
				SDKROOT = iphoneos;
				VALIDATE_PRODUCT = YES;
			};
			name = Release;
		};
		23D2CED41B9A90FE00869611 /* Debug */ = {
			isa = XCBuildConfiguration;
			baseConfigurationReference = 96E5F22702F77A825821CC2C /* Pods.debug.xcconfig */;
			buildSettings = {
				ASSETCATALOG_COMPILER_APPICON_NAME = AppIcon;
				CLANG_ENABLE_MODULES = YES;
				CODE_SIGN_IDENTITY = "iPhone Developer";
				INFOPLIST_FILE = weeks/Info.plist;
				LD_RUNPATH_SEARCH_PATHS = "$(inherited) @executable_path/Frameworks";
				PRODUCT_NAME = "$(TARGET_NAME)";
				SWIFT_OBJC_BRIDGING_HEADER = "weeks/4000 Weeks-Bridging-Header.h";
				SWIFT_OPTIMIZATION_LEVEL = "-Onone";
			};
			name = Debug;
		};
		23D2CED51B9A90FE00869611 /* Release */ = {
			isa = XCBuildConfiguration;
			baseConfigurationReference = CC845ED95EEF660E8199994B /* Pods.release.xcconfig */;
			buildSettings = {
				ASSETCATALOG_COMPILER_APPICON_NAME = AppIcon;
				CLANG_ENABLE_MODULES = YES;
				CODE_SIGN_IDENTITY = "iPhone Developer";
				INFOPLIST_FILE = weeks/Info.plist;
				LD_RUNPATH_SEARCH_PATHS = "$(inherited) @executable_path/Frameworks";
				PRODUCT_NAME = "$(TARGET_NAME)";
				SWIFT_OBJC_BRIDGING_HEADER = "weeks/4000 Weeks-Bridging-Header.h";
			};
			name = Release;
		};
/* End XCBuildConfiguration section */

/* Begin XCConfigurationList section */
		23D2CEAC1B9A90FE00869611 /* Build configuration list for PBXProject "weeks" */ = {
			isa = XCConfigurationList;
			buildConfigurations = (
				23D2CED11B9A90FE00869611 /* Debug */,
				23D2CED21B9A90FE00869611 /* Release */,
			);
			defaultConfigurationIsVisible = 0;
			defaultConfigurationName = Release;
		};
		23D2CED31B9A90FE00869611 /* Build configuration list for PBXNativeTarget "4000 Weeks" */ = {
			isa = XCConfigurationList;
			buildConfigurations = (
				23D2CED41B9A90FE00869611 /* Debug */,
				23D2CED51B9A90FE00869611 /* Release */,
			);
			defaultConfigurationIsVisible = 0;
			defaultConfigurationName = Release;
		};
/* End XCConfigurationList section */

/* Begin XCVersionGroup section */
		23D2CEB81B9A90FE00869611 /* weeks.xcdatamodeld */ = {
			isa = XCVersionGroup;
			children = (
				23D2CEB91B9A90FE00869611 /* weeks.xcdatamodel */,
			);
			currentVersion = 23D2CEB91B9A90FE00869611 /* weeks.xcdatamodel */;
			path = weeks.xcdatamodeld;
			sourceTree = "<group>";
			versionGroupType = wrapper.xcdatamodel;
		};
/* End XCVersionGroup section */
	};
	rootObject = 23D2CEA91B9A90FE00869611 /* Project object */;
}
